
Microsoft Visual Studio Solution File, Format Version 12.00
# Visual Studio Version 17
VisualStudioVersion = 17.5.002.0
MinimumVisualStudioVersion = 10.0.40219.1
Project("{9A19103F-16F7-4668-BE54-9A1E7A4F7556}") = "GameStore.Api", "GameStore.Api.csproj", "{CA691A55-D70E-45CA-921D-2A99FFB879FD}"
EndProject
Global
	GlobalSection(SolutionConfigurationPlatforms) = preSolution
		Debug|Any CPU = Debug|Any CPU
		Release|Any CPU = Release|Any CPU
	EndGlobalSection
	GlobalSection(ProjectConfigurationPlatforms) = postSolution
		{CA691A55-D70E-45CA-921D-2A99FFB879FD}.Debug|Any CPU.ActiveCfg = Debug|Any CPU
		{CA691A55-D70E-45CA-921D-2A99FFB879FD}.Debug|Any CPU.Build.0 = Debug|Any CPU
		{CA691A55-D70E-45CA-921D-2A99FFB879FD}.Release|Any CPU.ActiveCfg = Release|Any CPU
		{CA691A55-D70E-45CA-921D-2A99FFB879FD}.Release|Any CPU.Build.0 = Release|Any CPU
	EndGlobalSection
	GlobalSection(SolutionProperties) = preSolution
		HideSolutionNode = FALSE
	EndGlobalSection
	GlobalSection(ExtensibilityGlobals) = postSolution
		SolutionGuid = {B5876401-27A1-4F89-9EB6-3C3CA230E373}
	EndGlobalSection
EndGlobal
